
Microsoft Visual Studio Solution File, Format Version 12.00
# Visual Studio Express 2012 for Web
Project("{FAE04EC0-301F-11D3-BF4B-00C04F79EFBC}") = "FeedReader", "FeedReader\FeedReader.csproj", "{92DC4F3D-2C8E-4775-8542-8E4ACD0C1DFD}"
EndProject
Project("{FAE04EC0-301F-11D3-BF4B-00C04F79EFBC}") = "FeedReader.Tests", "FeedReader.Tests\FeedReader.Tests.csproj", "{F63B8DC6-6758-4011-86E0-E57F5631BD57}"
EndProject
Global
	GlobalSection(SolutionConfigurationPlatforms) = preSolution
		Debug|Any CPU = Debug|Any CPU
		Release|Any CPU = Release|Any CPU
	EndGlobalSection
	GlobalSection(ProjectConfigurationPlatforms) = postSolution
		{92DC4F3D-2C8E-4775-8542-8E4ACD0C1DFD}.Debug|Any CPU.ActiveCfg = Debug|Any CPU
		{92DC4F3D-2C8E-4775-8542-8E4ACD0C1DFD}.Debug|Any CPU.Build.0 = Debug|Any CPU
		{92DC4F3D-2C8E-4775-8542-8E4ACD0C1DFD}.Release|Any CPU.ActiveCfg = Release|Any CPU
		{92DC4F3D-2C8E-4775-8542-8E4ACD0C1DFD}.Release|Any CPU.Build.0 = Release|Any CPU
		{F63B8DC6-6758-4011-86E0-E57F5631BD57}.Debug|Any CPU.ActiveCfg = Debug|Any CPU
		{F63B8DC6-6758-4011-86E0-E57F5631BD57}.Debug|Any CPU.Build.0 = Debug|Any CPU
		{F63B8DC6-6758-4011-86E0-E57F5631BD57}.Release|Any CPU.ActiveCfg = Release|Any CPU
		{F63B8DC6-6758-4011-86E0-E57F5631BD57}.Release|Any CPU.Build.0 = Release|Any CPU
	EndGlobalSection
	GlobalSection(SolutionProperties) = preSolution
		HideSolutionNode = FALSE
	EndGlobalSection
EndGlobal
